
Microsoft Visual Studio Solution File, Format Version 12.00
# Visual Studio Version 16
VisualStudioVersion = 16.0.32002.261
MinimumVisualStudioVersion = 10.0.40219.1
Project("{FAE04EC0-301F-11D3-BF4B-00C04F79EFBC}") = "Project 3 Dama", "Project 3 Dama\Project 3 Dama.csproj", "{14EDFBB7-8218-4E2B-9BDB-BCB68C634806}"
EndProject
Global
	GlobalSection(SolutionConfigurationPlatforms) = preSolution
		Debug|Any CPU = Debug|Any CPU
		Release|Any CPU = Release|Any CPU
	EndGlobalSection
	GlobalSection(ProjectConfigurationPlatforms) = postSolution
		{14EDFBB7-8218-4E2B-9BDB-BCB68C634806}.Debug|Any CPU.ActiveCfg = Debug|Any CPU
		{14EDFBB7-8218-4E2B-9BDB-BCB68C634806}.Debug|Any CPU.Build.0 = Debug|Any CPU
		{14EDFBB7-8218-4E2B-9BDB-BCB68C634806}.Release|Any CPU.ActiveCfg = Release|Any CPU
		{14EDFBB7-8218-4E2B-9BDB-BCB68C634806}.Release|Any CPU.Build.0 = Release|Any CPU
	EndGlobalSection
	GlobalSection(SolutionProperties) = preSolution
		HideSolutionNode = FALSE
	EndGlobalSection
	GlobalSection(ExtensibilityGlobals) = postSolution
		SolutionGuid = {417344E3-3960-4487-A15F-8AD2283705D0}
	EndGlobalSection
EndGlobal
